
Microsoft Visual Studio Solution File, Format Version 12.00
# Visual Studio Version 16
VisualStudioVersion = 16.0.30907.101
MinimumVisualStudioVersion = 10.0.40219.1
Project("{FAE04EC0-301F-11D3-BF4B-00C04F79EFBC}") = "ControlVideoJuego", "ControlVideoJuego.csproj", "{DD211940-28FF-41A0-9D21-D8CB9ED81C14}"
EndProject
Global
	GlobalSection(SolutionConfigurationPlatforms) = preSolution
		Debug|Any CPU = Debug|Any CPU
		Release|Any CPU = Release|Any CPU
	EndGlobalSection
	GlobalSection(ProjectConfigurationPlatforms) = postSolution
		{DD211940-28FF-41A0-9D21-D8CB9ED81C14}.Debug|Any CPU.ActiveCfg = Debug|Any CPU
		{DD211940-28FF-41A0-9D21-D8CB9ED81C14}.Debug|Any CPU.Build.0 = Debug|Any CPU
		{DD211940-28FF-41A0-9D21-D8CB9ED81C14}.Release|Any CPU.ActiveCfg = Release|Any CPU
		{DD211940-28FF-41A0-9D21-D8CB9ED81C14}.Release|Any CPU.Build.0 = Release|Any CPU
	EndGlobalSection
	GlobalSection(SolutionProperties) = preSolution
		HideSolutionNode = FALSE
	EndGlobalSection
	GlobalSection(ExtensibilityGlobals) = postSolution
		SolutionGuid = {ED4BD5B1-3193-427B-A2EE-45F932C7E0EA}
	EndGlobalSection
EndGlobal
